
Microsoft Visual Studio Solution File, Format Version 12.00
# Visual Studio Version 17
VisualStudioVersion = 17.3.32929.385
MinimumVisualStudioVersion = 10.0.40219.1
Project("{FAE04EC0-301F-11D3-BF4B-00C04F79EFBC}") = "Tarefas.Api", "Tarefas.Api.csproj", "{FA71B83A-FD09-494F-80CD-BC9B74DF79CD}"
EndProject
Global
	GlobalSection(SolutionConfigurationPlatforms) = preSolution
		Debug|Any CPU = Debug|Any CPU
		Release|Any CPU = Release|Any CPU
	EndGlobalSection
	GlobalSection(ProjectConfigurationPlatforms) = postSolution
		{FA71B83A-FD09-494F-80CD-BC9B74DF79CD}.Debug|Any CPU.ActiveCfg = Debug|Any CPU
		{FA71B83A-FD09-494F-80CD-BC9B74DF79CD}.Debug|Any CPU.Build.0 = Debug|Any CPU
		{FA71B83A-FD09-494F-80CD-BC9B74DF79CD}.Release|Any CPU.ActiveCfg = Release|Any CPU
		{FA71B83A-FD09-494F-80CD-BC9B74DF79CD}.Release|Any CPU.Build.0 = Release|Any CPU
	EndGlobalSection
	GlobalSection(SolutionProperties) = preSolution
		HideSolutionNode = FALSE
	EndGlobalSection
	GlobalSection(ExtensibilityGlobals) = postSolution
		SolutionGuid = {8B34B532-7FEF-4E65-93FE-EBCA3B82CBFD}
	EndGlobalSection
EndGlobal
